hash: 3d2dc55040529205a5622bf36a7b9f6ca4279f33ab0ddf4af7467e2329acee15
updated: 2017-03-28T00:24:16.271027865-07:00
imports:
- name: github.com/buger/goterm
  version: bc6c333206f446a53cac4db5d2e6a4316139d737
- name: github.com/davecheney/xattr
  version: dc6dbbe49f0b0bfcc98dedef66662d93462a720c
- name: github.com/kormoc/ionice
  version: aef1c6cc469279ebd5348695a7aad604bbacdf14
- name: github.com/mattn/go-isatty
  version: fc9e8d8ef48496124e79ae0df75490096eccf6fe
- name: github.com/nightlyone/lockfile
  version: 1d49c987357a327b5b03aa84cbddd582c328615d
- name: github.com/vbauerster/mpb
  version: 8dd56fde2d1888a84bc232474452a447e3d3ca6a
  subpackages:
  - cwriter
- name: golang.org/x/sys
  version: afadfcc7779c1f4db0f6f6438afcb108d9c9c7cd
  subpackages:
  - unix
testImports: []
